
Microsoft Visual Studio Solution File, Format Version 12.00
# Visual Studio Version 17
VisualStudioVersion = 17.0.32112.339
MinimumVisualStudioVersion = 10.0.40219.1
Project("{FAE04EC0-301F-11D3-BF4B-00C04F79EFBC}") = "Web-1001-Git-Demo", "Web-1001-Git-Demo\Web-1001-Git-Demo.csproj", "{34343F80-8C07-40D3-A690-6840F7556958}"
EndProject
Global
	GlobalSection(SolutionConfigurationPlatforms) = preSolution
		Debug|Any CPU = Debug|Any CPU
		Release|Any CPU = Release|Any CPU
	EndGlobalSection
	GlobalSection(ProjectConfigurationPlatforms) = postSolution
		{34343F80-8C07-40D3-A690-6840F7556958}.Debug|Any CPU.ActiveCfg = Debug|Any CPU
		{34343F80-8C07-40D3-A690-6840F7556958}.Debug|Any CPU.Build.0 = Debug|Any CPU
		{34343F80-8C07-40D3-A690-6840F7556958}.Release|Any CPU.ActiveCfg = Release|Any CPU
		{34343F80-8C07-40D3-A690-6840F7556958}.Release|Any CPU.Build.0 = Release|Any CPU
	EndGlobalSection
	GlobalSection(SolutionProperties) = preSolution
		HideSolutionNode = FALSE
	EndGlobalSection
	GlobalSection(ExtensibilityGlobals) = postSolution
		SolutionGuid = {3F35D5C4-073E-47ED-9CEC-F84A24CE0909}
	EndGlobalSection
EndGlobal
